
Microsoft Visual Studio Solution File, Format Version 12.00
# Visual Studio Version 17
VisualStudioVersion = 17.0.31512.422
MinimumVisualStudioVersion = 10.0.40219.1
Project("{8BC9CEB8-8B4A-11D0-8D11-00A0C91BC942}") = "patch", "patch\patch.vcxproj", "{442B4960-2AE2-4227-833C-78A5D319D740}"
EndProject
Project("{8BC9CEB8-8B4A-11D0-8D11-00A0C91BC942}") = "server", "server\server.vcxproj", "{85E4B355-DEBF-4F27-B796-1424A00F335D}"
EndProject
Project("{8BC9CEB8-8B4A-11D0-8D11-00A0C91BC942}") = "masterserver", "masterserver\masterserver.vcxproj", "{F9325A21-0A16-4FE3-9057-F265D33465E8}"
EndProject
Project("{FAE04EC0-301F-11D3-BF4B-00C04F79EFBC}") = "launcher", "launcher\launcher.csproj", "{1C3DC3C9-45A9-4681-BE7A-4E495085E00F}"
EndProject
Project("{8BC9CEB8-8B4A-11D0-8D11-00A0C91BC942}") = "anim_exporter", "anim_exporter\anim_exporter.vcxproj", "{9D36F759-40A6-4D59-B5A2-1CADBB70E8F0}"
EndProject
Project("{8BC9CEB8-8B4A-11D0-8D11-00A0C91BC942}") = "obj_exporter", "obj_exporter\obj_exporter.vcxproj", "{62E3FAB7-3B55-4C71-82DF-B753AA634D40}"
EndProject
Global
	GlobalSection(SolutionConfigurationPlatforms) = preSolution
		Debug|Any CPU = Debug|Any CPU
		Debug|x64 = Debug|x64
		Debug|x86 = Debug|x86
		LD|Any CPU = LD|Any CPU
		LD|x64 = LD|x64
		LD|x86 = LD|x86
		LE|Any CPU = LE|Any CPU
		LE|x64 = LE|x64
		LE|x86 = LE|x86
		Release|Any CPU = Release|Any CPU
		Release|x64 = Release|x64
		Release|x86 = Release|x86
	EndGlobalSection
	GlobalSection(ProjectConfigurationPlatforms) = postSolution
		{442B4960-2AE2-4227-833C-78A5D319D740}.Debug|Any CPU.ActiveCfg = Debug|Win32
		{442B4960-2AE2-4227-833C-78A5D319D740}.Debug|x64.ActiveCfg = Debug|x64
		{442B4960-2AE2-4227-833C-78A5D319D740}.Debug|x64.Build.0 = Debug|x64
		{442B4960-2AE2-4227-833C-78A5D319D740}.Debug|x86.ActiveCfg = Debug|Win32
		{442B4960-2AE2-4227-833C-78A5D319D740}.Debug|x86.Build.0 = Debug|Win32
		{442B4960-2AE2-4227-833C-78A5D319D740}.LD|Any CPU.ActiveCfg = LD|Win32
		{442B4960-2AE2-4227-833C-78A5D319D740}.LD|x64.ActiveCfg = LD|x64
		{442B4960-2AE2-4227-833C-78A5D319D740}.LD|x86.ActiveCfg = LD|Win32
		{442B4960-2AE2-4227-833C-78A5D319D740}.LD|x86.Build.0 = LD|Win32
		{442B4960-2AE2-4227-833C-78A5D319D740}.LE|Any CPU.ActiveCfg = LE|Win32
		{442B4960-2AE2-4227-833C-78A5D319D740}.LE|x64.ActiveCfg = LE|x64
		{442B4960-2AE2-4227-833C-78A5D319D740}.LE|x64.Build.0 = LE|x64
		{442B4960-2AE2-4227-833C-78A5D319D740}.LE|x86.ActiveCfg = LE|Win32
		{442B4960-2AE2-4227-833C-78A5D319D740}.LE|x86.Build.0 = LE|Win32
		{442B4960-2AE2-4227-833C-78A5D319D740}.Release|Any CPU.ActiveCfg = Release|Win32
		{442B4960-2AE2-4227-833C-78A5D319D740}.Release|x64.ActiveCfg = Release|x64
		{442B4960-2AE2-4227-833C-78A5D319D740}.Release|x64.Build.0 = Release|x64
		{442B4960-2AE2-4227-833C-78A5D319D740}.Release|x86.ActiveCfg = Release|Win32
		{442B4960-2AE2-4227-833C-78A5D319D740}.Release|x86.Build.0 = Release|Win32
		{85E4B355-DEBF-4F27-B796-1424A00F335D}.Debug|Any CPU.ActiveCfg = Debug|Win32
		{85E4B355-DEBF-4F27-B796-1424A00F335D}.Debug|x64.ActiveCfg = Debug|x64
		{85E4B355-DEBF-4F27-B796-1424A00F335D}.Debug|x64.Build.0 = Debug|x64
		{85E4B355-DEBF-4F27-B796-1424A00F335D}.Debug|x86.ActiveCfg = Debug|Win32
		{85E4B355-DEBF-4F27-B796-1424A00F335D}.Debug|x86.Build.0 = Debug|Win32
		{85E4B355-DEBF-4F27-B796-1424A00F335D}.LD|Any CPU.ActiveCfg = LD|Win32
		{85E4B355-DEBF-4F27-B796-1424A00F335D}.LD|x64.ActiveCfg = LD|x64
		{85E4B355-DEBF-4F27-B796-1424A00F335D}.LD|x86.ActiveCfg = LD|Win32
		{85E4B355-DEBF-4F27-B796-1424A00F335D}.LD|x86.Build.0 = LD|Win32
		{85E4B355-DEBF-4F27-B796-1424A00F335D}.LE|Any CPU.ActiveCfg = LE|Win32
		{85E4B355-DEBF-4F27-B796-1424A00F335D}.LE|x64.ActiveCfg = LE|x64
		{85E4B355-DEBF-4F27-B796-1424A00F335D}.LE|x64.Build.0 = LE|x64
		{85E4B355-DEBF-4F27-B796-1424A00F335D}.LE|x86.ActiveCfg = LE|Win32
		{85E4B355-DEBF-4F27-B796-1424A00F335D}.LE|x86.Build.0 = LE|Win32
		{85E4B355-DEBF-4F27-B796-1424A00F335D}.Release|Any CPU.ActiveCfg = Release|Win32
		{85E4B355-DEBF-4F27-B796-1424A00F335D}.Release|x64.ActiveCfg = Release|x64
		{85E4B355-DEBF-4F27-B796-1424A00F335D}.Release|x64.Build.0 = Release|x64
		{85E4B355-DEBF-4F27-B796-1424A00F335D}.Release|x86.ActiveCfg = Release|Win32
		{85E4B355-DEBF-4F27-B796-1424A00F335D}.Release|x86.Build.0 = Release|Win32
		{F9325A21-0A16-4FE3-9057-F265D33465E8}.Debug|Any CPU.ActiveCfg = Debug|Win32
		{F9325A21-0A16-4FE3-9057-F265D33465E8}.Debug|x64.ActiveCfg = Debug|x64
		{F9325A21-0A16-4FE3-9057-F265D33465E8}.Debug|x64.Build.0 = Debug|x64
		{F9325A21-0A16-4FE3-9057-F265D33465E8}.Debug|x86.ActiveCfg = Debug|Win32
		{F9325A21-0A16-4FE3-9057-F265D33465E8}.Debug|x86.Build.0 = Debug|Win32
		{F9325A21-0A16-4FE3-9057-F265D33465E8}.LD|Any CPU.ActiveCfg = LD|Win32
		{F9325A21-0A16-4FE3-9057-F265D33465E8}.LD|x64.ActiveCfg = LD|x64
		{F9325A21-0A16-4FE3-9057-F265D33465E8}.LD|x86.ActiveCfg = LD|Win32
		{F9325A21-0A16-4FE3-9057-F265D33465E8}.LD|x86.Build.0 = LD|Win32
		{F9325A21-0A16-4FE3-9057-F265D33465E8}.LE|Any CPU.ActiveCfg = LE|Win32
		{F9325A21-0A16-4FE3-9057-F265D33465E8}.LE|x64.ActiveCfg = LE|x64
		{F9325A21-0A16-4FE3-9057-F265D33465E8}.LE|x64.Build.0 = LE|x64
		{F9325A21-0A16-4FE3-9057-F265D33465E8}.LE|x86.ActiveCfg = LE|Win32
		{F9325A21-0A16-4FE3-9057-F265D33465E8}.LE|x86.Build.0 = LE|Win32
		{F9325A21-0A16-4FE3-9057-F265D33465E8}.Release|Any CPU.ActiveCfg = Release|Win32
		{F9325A21-0A16-4FE3-9057-F265D33465E8}.Release|x64.ActiveCfg = Release|x64
		{F9325A21-0A16-4FE3-9057-F265D33465E8}.Release|x64.Build.0 = Release|x64
		{F9325A21-0A16-4FE3-9057-F265D33465E8}.Release|x86.ActiveCfg = Release|Win32
		{F9325A21-0A16-4FE3-9057-F265D33465E8}.Release|x86.Build.0 = Release|Win32
		{1C3DC3C9-45A9-4681-BE7A-4E495085E00F}.Debug|Any CPU.ActiveCfg = Debug|Any CPU
		{1C3DC3C9-45A9-4681-BE7A-4E495085E00F}.Debug|Any CPU.Build.0 = Debug|Any CPU
		{1C3DC3C9-45A9-4681-BE7A-4E495085E00F}.Debug|x64.ActiveCfg = Debug|Any CPU
		{1C3DC3C9-45A9-4681-BE7A-4E495085E00F}.Debug|x64.Build.0 = Debug|Any CPU
		{1C3DC3C9-45A9-4681-BE7A-4E495085E00F}.Debug|x86.ActiveCfg = Debug|Any CPU
		{1C3DC3C9-45A9-4681-BE7A-4E495085E00F}.Debug|x86.Build.0 = Debug|Any CPU
		{1C3DC3C9-45A9-4681-BE7A-4E495085E00F}.LD|Any CPU.ActiveCfg = LD|Any CPU
		{1C3DC3C9-45A9-4681-BE7A-4E495085E00F}.LD|Any CPU.Build.0 = LD|Any CPU
		{1C3DC3C9-45A9-4681-BE7A-4E495085E00F}.LD|x64.ActiveCfg = LD|Any CPU
		{1C3DC3C9-45A9-4681-BE7A-4E495085E00F}.LD|x64.Build.0 = LD|Any CPU
		{1C3DC3C9-45A9-4681-BE7A-4E495085E00F}.LD|x86.ActiveCfg = LD|Any CPU
		{1C3DC3C9-45A9-4681-BE7A-4E495085E00F}.LD|x86.Build.0 = LD|Any CPU
		{1C3DC3C9-45A9-4681-BE7A-4E495085E00F}.LE|Any CPU.ActiveCfg = LE|Any CPU
		{1C3DC3C9-45A9-4681-BE7A-4E495085E00F}.LE|Any CPU.Build.0 = LE|Any CPU
		{1C3DC3C9-45A9-4681-BE7A-4E495085E00F}.LE|x64.ActiveCfg = LE|Any CPU
		{1C3DC3C9-45A9-4681-BE7A-4E495085E00F}.LE|x64.Build.0 = LE|Any CPU
		{1C3DC3C9-45A9-4681-BE7A-4E495085E00F}.LE|x86.ActiveCfg = LE|Any CPU
		{1C3DC3C9-45A9-4681-BE7A-4E495085E00F}.LE|x86.Build.0 = LE|Any CPU
		{1C3DC3C9-45A9-4681-BE7A-4E495085E00F}.Release|Any CPU.ActiveCfg = Release|Any CPU
		{1C3DC3C9-45A9-4681-BE7A-4E495085E00F}.Release|Any CPU.Build.0 = Release|Any CPU
		{1C3DC3C9-45A9-4681-BE7A-4E495085E00F}.Release|x64.ActiveCfg = Release|Any CPU
		{1C3DC3C9-45A9-4681-BE7A-4E495085E00F}.Release|x64.Build.0 = Release|Any CPU
		{1C3DC3C9-45A9-4681-BE7A-4E495085E00F}.Release|x86.ActiveCfg = Release|Any CPU
		{1C3DC3C9-45A9-4681-BE7A-4E495085E00F}.Release|x86.Build.0 = Release|Any CPU
		{9D36F759-40A6-4D59-B5A2-1CADBB70E8F0}.Debug|Any CPU.ActiveCfg = Debug|x64
		{9D36F759-40A6-4D59-B5A2-1CADBB70E8F0}.Debug|Any CPU.Build.0 = Debug|x64
		{9D36F759-40A6-4D59-B5A2-1CADBB70E8F0}.Debug|x64.ActiveCfg = Debug|x64
		{9D36F759-40A6-4D59-B5A2-1CADBB70E8F0}.Debug|x64.Build.0 = Debug|x64
		{9D36F759-40A6-4D59-B5A2-1CADBB70E8F0}.Debug|x86.ActiveCfg = Debug|Win32
		{9D36F759-40A6-4D59-B5A2-1CADBB70E8F0}.Debug|x86.Build.0 = Debug|Win32
		{9D36F759-40A6-4D59-B5A2-1CADBB70E8F0}.LD|Any CPU.ActiveCfg = Debug|Win32
		{9D36F759-40A6-4D59-B5A2-1CADBB70E8F0}.LD|Any CPU.Build.0 = Debug|Win32
		{9D36F759-40A6-4D59-B5A2-1CADBB70E8F0}.LD|x64.ActiveCfg = Debug|x64
		{9D36F759-40A6-4D59-B5A2-1CADBB70E8F0}.LD|x64.Build.0 = Debug|x64
		{9D36F759-40A6-4D59-B5A2-1CADBB70E8F0}.LD|x86.ActiveCfg = Debug|Win32
		{9D36F759-40A6-4D59-B5A2-1CADBB70E8F0}.LD|x86.Build.0 = Debug|Win32
		{9D36F759-40A6-4D59-B5A2-1CADBB70E8F0}.LE|Any CPU.ActiveCfg = Debug|Win32
		{9D36F759-40A6-4D59-B5A2-1CADBB70E8F0}.LE|Any CPU.Build.0 = Debug|Win32
		{9D36F759-40A6-4D59-B5A2-1CADBB70E8F0}.LE|x64.ActiveCfg = Debug|x64
		{9D36F759-40A6-4D59-B5A2-1CADBB70E8F0}.LE|x64.Build.0 = Debug|x64
		{9D36F759-40A6-4D59-B5A2-1CADBB70E8F0}.LE|x86.ActiveCfg = Debug|Win32
		{9D36F759-40A6-4D59-B5A2-1CADBB70E8F0}.LE|x86.Build.0 = Debug|Win32
		{9D36F759-40A6-4D59-B5A2-1CADBB70E8F0}.Release|Any CPU.ActiveCfg = Release|x64
		{9D36F759-40A6-4D59-B5A2-1CADBB70E8F0}.Release|Any CPU.Build.0 = Release|x64
		{9D36F759-40A6-4D59-B5A2-1CADBB70E8F0}.Release|x64.ActiveCfg = Release|x64
		{9D36F759-40A6-4D59-B5A2-1CADBB70E8F0}.Release|x64.Build.0 = Release|x64
		{9D36F759-40A6-4D59-B5A2-1CADBB70E8F0}.Release|x86.ActiveCfg = Release|Win32
		{9D36F759-40A6-4D59-B5A2-1CADBB70E8F0}.Release|x86.Build.0 = Release|Win32
		{62E3FAB7-3B55-4C71-82DF-B753AA634D40}.Debug|Any CPU.ActiveCfg = Debug|x64
		{62E3FAB7-3B55-4C71-82DF-B753AA634D40}.Debug|Any CPU.Build.0 = Debug|x64
		{62E3FAB7-3B55-4C71-82DF-B753AA634D40}.Debug|x64.ActiveCfg = Debug|x64
		{62E3FAB7-3B55-4C71-82DF-B753AA634D40}.Debug|x64.Build.0 = Debug|x64
		{62E3FAB7-3B55-4C71-82DF-B753AA634D40}.Debug|x86.ActiveCfg = Debug|Win32
		{62E3FAB7-3B55-4C71-82DF-B753AA634D40}.Debug|x86.Build.0 = Debug|Win32
		{62E3FAB7-3B55-4C71-82DF-B753AA634D40}.LD|Any CPU.ActiveCfg = Debug|Win32
		{62E3FAB7-3B55-4C71-82DF-B753AA634D40}.LD|Any CPU.Build.0 = Debug|Win32
		{62E3FAB7-3B55-4C71-82DF-B753AA634D40}.LD|x64.ActiveCfg = Debug|x64
		{62E3FAB7-3B55-4C71-82DF-B753AA634D40}.LD|x64.Build.0 = Debug|x64
		{62E3FAB7-3B55-4C71-82DF-B753AA634D40}.LD|x86.ActiveCfg = Debug|Win32
		{62E3FAB7-3B55-4C71-82DF-B753AA634D40}.LD|x86.Build.0 = Debug|Win32
		{62E3FAB7-3B55-4C71-82DF-B753AA634D40}.LE|Any CPU.ActiveCfg = Debug|Win32
		{62E3FAB7-3B55-4C71-82DF-B753AA634D40}.LE|Any CPU.Build.0 = Debug|Win32
		{62E3FAB7-3B55-4C71-82DF-B753AA634D40}.LE|x64.ActiveCfg = Debug|x64
		{62E3FAB7-3B55-4C71-82DF-B753AA634D40}.LE|x64.Build.0 = Debug|x64
		{62E3FAB7-3B55-4C71-82DF-B753AA634D40}.LE|x86.ActiveCfg = Debug|Win32
		{62E3FAB7-3B55-4C71-82DF-B753AA634D40}.LE|x86.Build.0 = Debug|Win32
		{62E3FAB7-3B55-4C71-82DF-B753AA634D40}.Release|Any CPU.ActiveCfg = Release|x64
		{62E3FAB7-3B55-4C71-82DF-B753AA634D40}.Release|Any CPU.Build.0 = Release|x64
		{62E3FAB7-3B55-4C71-82DF-B753AA634D40}.Release|x64.ActiveCfg = Release|x64
		{62E3FAB7-3B55-4C71-82DF-B753AA634D40}.Release|x64.Build.0 = Release|x64
		{62E3FAB7-3B55-4C71-82DF-B753AA634D40}.Release|x86.ActiveCfg = Release|Win32
		{62E3FAB7-3B55-4C71-82DF-B753AA634D40}.Release|x86.Build.0 = Release|Win32
	EndGlobalSection
	GlobalSection(SolutionProperties) = preSolution
		HideSolutionNode = FALSE
	EndGlobalSection
	GlobalSection(ExtensibilityGlobals) = postSolution
		SolutionGuid = {8A2FE6A2-F27C-4774-899B-E2209F1703AD}
	EndGlobalSection
EndGlobal
